// !$*UTF8*$!
{
	archiveVersion = 1;
	classes = {
	};
	objectVersion = 55;
	objects = {

/* Begin PBXBuildFile section */
		5521495D296F4AAD00C9C86B /* AssetColor.swift in Sources */ = {isa = PBXBuildFile; fileRef = 5521495C296F4AAD00C9C86B /* AssetColor.swift */; };
		55214966296F54E900C9C86B /* LottieLaunchScreen.swift in Sources */ = {isa = PBXBuildFile; fileRef = 55214965296F54E900C9C86B /* LottieLaunchScreen.swift */; };
		5563954029676C5C00E29764 /* AppDelegate.swift in Sources */ = {isa = PBXBuildFile; fileRef = 5563953F29676C5C00E29764 /* AppDelegate.swift */; };
		5563954229676C5C00E29764 /* SceneDelegate.swift in Sources */ = {isa = PBXBuildFile; fileRef = 5563954129676C5C00E29764 /* SceneDelegate.swift */; };
		5563954429676C5C00E29764 /* MainViewController.swift in Sources */ = {isa = PBXBuildFile; fileRef = 5563954329676C5C00E29764 /* MainViewController.swift */; };
		5563954729676C5C00E29764 /* Main.storyboard in Resources */ = {isa = PBXBuildFile; fileRef = 5563954529676C5C00E29764 /* Main.storyboard */; };
		5563954929676C6000E29764 /* Assets.xcassets in Resources */ = {isa = PBXBuildFile; fileRef = 5563954829676C6000E29764 /* Assets.xcassets */; };
		5563954C29676C6000E29764 /* LaunchScreen.storyboard in Resources */ = {isa = PBXBuildFile; fileRef = 5563954A29676C6000E29764 /* LaunchScreen.storyboard */; };
		556929BA296B6ABA0020894C /* lottieFileWeather.json in Resources */ = {isa = PBXBuildFile; fileRef = 556929B9296B6ABA0020894C /* lottieFileWeather.json */; };
		55B8D29B297336BE009F082F /* MainTableViewController.swift in Sources */ = {isa = PBXBuildFile; fileRef = 55B8D29A297336BE009F082F /* MainTableViewController.swift */; };
		55B8D29F29735D71009F082F /* Constants.swift in Sources */ = {isa = PBXBuildFile; fileRef = 55B8D29E29735D71009F082F /* Constants.swift */; };
		55B8D2A229735EB3009F082F /* UserService.swift in Sources */ = {isa = PBXBuildFile; fileRef = 55B8D2A129735EB3009F082F /* UserService.swift */; };
		55B8D2A4297470BE009F082F /* Data.swift in Sources */ = {isa = PBXBuildFile; fileRef = 55B8D2A3297470BE009F082F /* Data.swift */; };
		55B8D2A629747464009F082F /* Weather.swift in Sources */ = {isa = PBXBuildFile; fileRef = 55B8D2A529747464009F082F /* Weather.swift */; };
		DF32DF9FD672546917183AFB /* Pods_Weather.framework in Frameworks */ = {isa = PBXBuildFile; fileRef = BC21F3F2CF30ED59D3C2507F /* Pods_Weather.framework */; };
/* End PBXBuildFile section */

/* Begin PBXFileReference section */
		1D2F7EF2074EC9D2A57609F8 /* Pods-Weather.release.xcconfig */ = {isa = PBXFileReference; includeInIndex = 1; lastKnownFileType = text.xcconfig; name = "Pods-Weather.release.xcconfig"; path = "Target Support Files/Pods-Weather/Pods-Weather.release.xcconfig"; sourceTree = "<group>"; };
		5521495C296F4AAD00C9C86B /* AssetColor.swift */ = {isa = PBXFileReference; lastKnownFileType = sourcecode.swift; path = AssetColor.swift; sourceTree = "<group>"; };
		55214965296F54E900C9C86B /* LottieLaunchScreen.swift */ = {isa = PBXFileReference; lastKnownFileType = sourcecode.swift; path = LottieLaunchScreen.swift; sourceTree = "<group>"; };
		5563953C29676C5C00E29764 /* Weather.app */ = {isa = PBXFileReference; explicitFileType = wrapper.application; includeInIndex = 0; path = Weather.app; sourceTree = BUILT_PRODUCTS_DIR; };
		5563953F29676C5C00E29764 /* AppDelegate.swift */ = {isa = PBXFileReference; lastKnownFileType = sourcecode.swift; path = AppDelegate.swift; sourceTree = "<group>"; };
		5563954129676C5C00E29764 /* SceneDelegate.swift */ = {isa = PBXFileReference; lastKnownFileType = sourcecode.swift; path = SceneDelegate.swift; sourceTree = "<group>"; };
		5563954329676C5C00E29764 /* MainViewController.swift */ = {isa = PBXFileReference; lastKnownFileType = sourcecode.swift; path = MainViewController.swift; sourceTree = "<group>"; };
		5563954629676C5C00E29764 /* Base */ = {isa = PBXFileReference; lastKnownFileType = file.storyboard; name = Base; path = Base.lproj/Main.storyboard; sourceTree = "<group>"; };
		5563954829676C6000E29764 /* Assets.xcassets */ = {isa = PBXFileReference; lastKnownFileType = folder.assetcatalog; path = Assets.xcassets; sourceTree = "<group>"; };
		5563954B29676C6000E29764 /* Base */ = {isa = PBXFileReference; lastKnownFileType = file.storyboard; name = Base; path = Base.lproj/LaunchScreen.storyboard; sourceTree = "<group>"; };
		5563954D29676C6000E29764 /* Info.plist */ = {isa = PBXFileReference; lastKnownFileType = text.plist.xml; path = Info.plist; sourceTree = "<group>"; };
		556929B9296B6ABA0020894C /* lottieFileWeather.json */ = {isa = PBXFileReference; fileEncoding = 4; lastKnownFileType = text.json; path = lottieFileWeather.json; sourceTree = "<group>"; };
		55B8D29A297336BE009F082F /* MainTableViewController.swift */ = {isa = PBXFileReference; lastKnownFileType = sourcecode.swift; path = MainTableViewController.swift; sourceTree = "<group>"; };
		55B8D29E29735D71009F082F /* Constants.swift */ = {isa = PBXFileReference; lastKnownFileType = sourcecode.swift; path = Constants.swift; sourceTree = "<group>"; };
		55B8D2A129735EB3009F082F /* UserService.swift */ = {isa = PBXFileReference; lastKnownFileType = sourcecode.swift; path = UserService.swift; sourceTree = "<group>"; };
		55B8D2A3297470BE009F082F /* Data.swift */ = {isa = PBXFileReference; lastKnownFileType = sourcecode.swift; path = Data.swift; sourceTree = "<group>"; };
		55B8D2A529747464009F082F /* Weather.swift */ = {isa = PBXFileReference; lastKnownFileType = sourcecode.swift; path = Weather.swift; sourceTree = "<group>"; };
		B93EDDF362FADD38410416C6 /* Pods-Weather.debug.xcconfig */ = {isa = PBXFileReference; includeInIndex = 1; lastKnownFileType = text.xcconfig; name = "Pods-Weather.debug.xcconfig"; path = "Target Support Files/Pods-Weather/Pods-Weather.debug.xcconfig"; sourceTree = "<group>"; };
		BC21F3F2CF30ED59D3C2507F /* Pods_Weather.framework */ = {isa = PBXFileReference; explicitFileType = wrapper.framework; includeInIndex = 0; path = Pods_Weather.framework; sourceTree = BUILT_PRODUCTS_DIR; };
/* End PBXFileReference section */

/* Begin PBXFrameworksBuildPhase section */
		5563953929676C5C00E29764 /* Frameworks */ = {
			isa = PBXFrameworksBuildPhase;
			buildActionMask = 2147483647;
			files = (
				DF32DF9FD672546917183AFB /* Pods_Weather.framework in Frameworks */,
			);
			runOnlyForDeploymentPostprocessing = 0;
		};
/* End PBXFrameworksBuildPhase section */

/* Begin PBXGroup section */
		3EDECAB2D6BDC0348AFF0D12 /* Frameworks */ = {
			isa = PBXGroup;
			children = (
				BC21F3F2CF30ED59D3C2507F /* Pods_Weather.framework */,
			);
			name = Frameworks;
			sourceTree = "<group>";
		};
		55214959296F4A3E00C9C86B /* Common */ = {
			isa = PBXGroup;
			children = (
				55B8D29D29735D62009F082F /* Constants */,
				5521495E296F4DBB00C9C86B /* Extensions */,
				5521495A296F4A4800C9C86B /* Resources */,
			);
			path = Common;
			sourceTree = "<group>";
		};
		5521495A296F4A4800C9C86B /* Resources */ = {
			isa = PBXGroup;
			children = (
				5521495B296F4A5100C9C86B /* Colors */,
			);
			path = Resources;
			sourceTree = "<group>";
		};
		5521495B296F4A5100C9C86B /* Colors */ = {
			isa = PBXGroup;
			children = (
				5521495C296F4AAD00C9C86B /* AssetColor.swift */,
			);
			path = Colors;
			sourceTree = "<group>";
		};
		5521495E296F4DBB00C9C86B /* Extensions */ = {
			isa = PBXGroup;
			children = (
				5521495F296F4DD100C9C86B /* LottieLaunchScreen */,
			);
			path = Extensions;
			sourceTree = "<group>";
		};
		5521495F296F4DD100C9C86B /* LottieLaunchScreen */ = {
			isa = PBXGroup;
			children = (
				55214965296F54E900C9C86B /* LottieLaunchScreen.swift */,
				5563954A29676C6000E29764 /* LaunchScreen.storyboard */,
				556929B9296B6ABA0020894C /* lottieFileWeather.json */,
			);
			path = LottieLaunchScreen;
			sourceTree = "<group>";
		};
		55214962296F4F5E00C9C86B /* View */ = {
			isa = PBXGroup;
			children = (
				55214963296F4F7100C9C86B /* MainView */,
			);
			path = View;
			sourceTree = "<group>";
		};
		55214963296F4F7100C9C86B /* MainView */ = {
			isa = PBXGroup;
			children = (
				5563954329676C5C00E29764 /* MainViewController.swift */,
				5563954529676C5C00E29764 /* Main.storyboard */,
				55B8D29A297336BE009F082F /* MainTableViewController.swift */,
			);
			path = MainView;
			sourceTree = "<group>";
		};
		5563953329676C5C00E29764 = {
			isa = PBXGroup;
			children = (
				55B8D2A029735EA8009F082F /* Services */,
				55B8D29C29734CBD009F082F /* Model */,
				55214962296F4F5E00C9C86B /* View */,
				55214959296F4A3E00C9C86B /* Common */,
				5563953E29676C5C00E29764 /* Support */,
				5563953D29676C5C00E29764 /* Products */,
				EC0E4FE8ACC0E00CAF5B9CC5 /* Pods */,
				3EDECAB2D6BDC0348AFF0D12 /* Frameworks */,
			);
			sourceTree = "<group>";
		};
		5563953D29676C5C00E29764 /* Products */ = {
			isa = PBXGroup;
			children = (
				5563953C29676C5C00E29764 /* Weather.app */,
			);
			name = Products;
			sourceTree = "<group>";
		};
		5563953E29676C5C00E29764 /* Support */ = {
			isa = PBXGroup;
			children = (
				5563953F29676C5C00E29764 /* AppDelegate.swift */,
				5563954129676C5C00E29764 /* SceneDelegate.swift */,
				5563954829676C6000E29764 /* Assets.xcassets */,
				5563954D29676C6000E29764 /* Info.plist */,
			);
			path = Support;
			sourceTree = "<group>";
		};
		55B8D29C29734CBD009F082F /* Model */ = {
			isa = PBXGroup;
			children = (
				55B8D2A3297470BE009F082F /* Data.swift */,
				55B8D2A529747464009F082F /* Weather.swift */,
			);
			path = Model;
			sourceTree = "<group>";
		};
		55B8D29D29735D62009F082F /* Constants */ = {
			isa = PBXGroup;
			children = (
				55B8D29E29735D71009F082F /* Constants.swift */,
			);
			path = Constants;
			sourceTree = "<group>";
		};
		55B8D2A029735EA8009F082F /* Services */ = {
			isa = PBXGroup;
			children = (
				55B8D2A129735EB3009F082F /* UserService.swift */,
			);
			path = Services;
			sourceTree = "<group>";
		};
		EC0E4FE8ACC0E00CAF5B9CC5 /* Pods */ = {
			isa = PBXGroup;
			children = (
				B93EDDF362FADD38410416C6 /* Pods-Weather.debug.xcconfig */,
				1D2F7EF2074EC9D2A57609F8 /* Pods-Weather.release.xcconfig */,
			);
			path = Pods;
			sourceTree = "<group>";
		};
/* End PBXGroup section */

/* Begin PBXNativeTarget section */
		5563953B29676C5C00E29764 /* Weather */ = {
			isa = PBXNativeTarget;
			buildConfigurationList = 5563955029676C6000E29764 /* Build configuration list for PBXNativeTarget "Weather" */;
			buildPhases = (
				D6D1DBFE16BAFDD294C3454A /* [CP] Check Pods Manifest.lock */,
				5563953829676C5C00E29764 /* Sources */,
				5563953929676C5C00E29764 /* Frameworks */,
				5563953A29676C5C00E29764 /* Resources */,
				59EF6120D78DCBA533850086 /* [CP] Embed Pods Frameworks */,
			);
			buildRules = (
			);
			dependencies = (
			);
			name = Weather;
			productName = Weather;
			productReference = 5563953C29676C5C00E29764 /* Weather.app */;
			productType = "com.apple.product-type.application";
		};
/* End PBXNativeTarget section */

/* Begin PBXProject section */
		5563953429676C5C00E29764 /* Project object */ = {
			isa = PBXProject;
			attributes = {
				BuildIndependentTargetsInParallel = 1;
				LastSwiftUpdateCheck = 1330;
				LastUpgradeCheck = 1330;
				TargetAttributes = {
					5563953B29676C5C00E29764 = {
						CreatedOnToolsVersion = 13.3;
					};
				};
			};
			buildConfigurationList = 5563953729676C5C00E29764 /* Build configuration list for PBXProject "Weather" */;
			compatibilityVersion = "Xcode 13.0";
			developmentRegion = en;
			hasScannedForEncodings = 0;
			knownRegions = (
				en,
				Base,
			);
			mainGroup = 5563953329676C5C00E29764;
			productRefGroup = 5563953D29676C5C00E29764 /* Products */;
			projectDirPath = "";
			projectRoot = "";
			targets = (
				5563953B29676C5C00E29764 /* Weather */,
			);
		};
/* End PBXProject section */

/* Begin PBXResourcesBuildPhase section */
		5563953A29676C5C00E29764 /* Resources */ = {
			isa = PBXResourcesBuildPhase;
			buildActionMask = 2147483647;
			files = (
				556929BA296B6ABA0020894C /* lottieFileWeather.json in Resources */,
				5563954C29676C6000E29764 /* LaunchScreen.storyboard in Resources */,
				5563954929676C6000E29764 /* Assets.xcassets in Resources */,
				5563954729676C5C00E29764 /* Main.storyboard in Resources */,
			);
			runOnlyForDeploymentPostprocessing = 0;
		};
/* End PBXResourcesBuildPhase section */

/* Begin PBXShellScriptBuildPhase section */
		59EF6120D78DCBA533850086 /* [CP] Embed Pods Frameworks */ = {
			isa = PBXShellScriptBuildPhase;
			buildActionMask = 2147483647;
			files = (
			);
			inputFileListPaths = (
				"${PODS_ROOT}/Target Support Files/Pods-Weather/Pods-Weather-frameworks-${CONFIGURATION}-input-files.xcfilelist",
			);
			name = "[CP] Embed Pods Frameworks";
			outputFileListPaths = (
				"${PODS_ROOT}/Target Support Files/Pods-Weather/Pods-Weather-frameworks-${CONFIGURATION}-output-files.xcfilelist",
			);
			runOnlyForDeploymentPostprocessing = 0;
			shellPath = /bin/sh;
			shellScript = "\"${PODS_ROOT}/Target Support Files/Pods-Weather/Pods-Weather-frameworks.sh\"\n";
			showEnvVarsInLog = 0;
		};
		D6D1DBFE16BAFDD294C3454A /* [CP] Check Pods Manifest.lock */ = {
			isa = PBXShellScriptBuildPhase;
			buildActionMask = 2147483647;
			files = (
			);
			inputFileListPaths = (
			);
			inputPaths = (
				"${PODS_PODFILE_DIR_PATH}/Podfile.lock",
				"${PODS_ROOT}/Manifest.lock",
			);
			name = "[CP] Check Pods Manifest.lock";
			outputFileListPaths = (
			);
			outputPaths = (
				"$(DERIVED_FILE_DIR)/Pods-Weather-checkManifestLockResult.txt",
			);
			runOnlyForDeploymentPostprocessing = 0;
			shellPath = /bin/sh;
			shellScript = "diff \"${PODS_PODFILE_DIR_PATH}/Podfile.lock\" \"${PODS_ROOT}/Manifest.lock\" > /dev/null\nif [ $? != 0 ] ; then\n    # print error to STDERR\n    echo \"error: The sandbox is not in sync with the Podfile.lock. Run 'pod install' or update your CocoaPods installation.\" >&2\n    exit 1\nfi\n# This output is used by Xcode 'outputs' to avoid re-running this script phase.\necho \"SUCCESS\" > \"${SCRIPT_OUTPUT_FILE_0}\"\n";
			showEnvVarsInLog = 0;
		};
/* End PBXShellScriptBuildPhase section */

/* Begin PBXSourcesBuildPhase section */
		5563953829676C5C00E29764 /* Sources */ = {
			isa = PBXSourcesBuildPhase;
			buildActionMask = 2147483647;
			files = (
				55214966296F54E900C9C86B /* LottieLaunchScreen.swift in Sources */,
				5563954429676C5C00E29764 /* MainViewController.swift in Sources */,
				5563954029676C5C00E29764 /* AppDelegate.swift in Sources */,
				5521495D296F4AAD00C9C86B /* AssetColor.swift in Sources */,
				55B8D2A629747464009F082F /* Weather.swift in Sources */,
				55B8D2A229735EB3009F082F /* UserService.swift in Sources */,
				55B8D29F29735D71009F082F /* Constants.swift in Sources */,
				55B8D29B297336BE009F082F /* MainTableViewController.swift in Sources */,
				55B8D2A4297470BE009F082F /* Data.swift in Sources */,
				5563954229676C5C00E29764 /* SceneDelegate.swift in Sources */,
			);
			runOnlyForDeploymentPostprocessing = 0;
		};
/* End PBXSourcesBuildPhase section */

/* Begin PBXVariantGroup section */
		5563954529676C5C00E29764 /* Main.storyboard */ = {
			isa = PBXVariantGroup;
			children = (
				5563954629676C5C00E29764 /* Base */,
			);
			name = Main.storyboard;
			sourceTree = "<group>";
		};
		5563954A29676C6000E29764 /* LaunchScreen.storyboard */ = {
			isa = PBXVariantGroup;
			children = (
				5563954B29676C6000E29764 /* Base */,
			);
			name = LaunchScreen.storyboard;
			sourceTree = "<group>";
		};
/* End PBXVariantGroup section */

/* Begin XCBuildConfiguration section */
		5563954E29676C6000E29764 /* Debug */ = {
			isa = XCBuildConfiguration;
			buildSettings = {
				ALWAYS_SEARCH_USER_PATHS = NO;
				CLANG_ANALYZER_NONNULL = YES;
				CLANG_ANALYZER_NUMBER_OBJECT_CONVERSION = YES_AGGRESSIVE;
				CLANG_CXX_LANGUAGE_STANDARD = "gnu++17";
				CLANG_ENABLE_MODULES = YES;
				CLANG_ENABLE_OBJC_ARC = YES;
				CLANG_ENABLE_OBJC_WEAK = YES;
				CLANG_WARN_BLOCK_CAPTURE_AUTORELEASING = YES;
				CLANG_WARN_BOOL_CONVERSION = YES;
				CLANG_WARN_COMMA = YES;
				CLANG_WARN_CONSTANT_CONVERSION = YES;
				CLANG_WARN_DEPRECATED_OBJC_IMPLEMENTATIONS = YES;
				CLANG_WARN_DIRECT_OBJC_ISA_USAGE = YES_ERROR;
				CLANG_WARN_DOCUMENTATION_COMMENTS = YES;
				CLANG_WARN_EMPTY_BODY = YES;
				CLANG_WARN_ENUM_CONVERSION = YES;
				CLANG_WARN_INFINITE_RECURSION = YES;
				CLANG_WARN_INT_CONVERSION = YES;
				CLANG_WARN_NON_LITERAL_NULL_CONVERSION = YES;
				CLANG_WARN_OBJC_IMPLICIT_RETAIN_SELF = YES;
				CLANG_WARN_OBJC_LITERAL_CONVERSION = YES;
				CLANG_WARN_OBJC_ROOT_CLASS = YES_ERROR;
				CLANG_WARN_QUOTED_INCLUDE_IN_FRAMEWORK_HEADER = YES;
				CLANG_WARN_RANGE_LOOP_ANALYSIS = YES;
				CLANG_WARN_STRICT_PROTOTYPES = YES;
				CLANG_WARN_SUSPICIOUS_MOVE = YES;
				CLANG_WARN_UNGUARDED_AVAILABILITY = YES_AGGRESSIVE;
				CLANG_WARN_UNREACHABLE_CODE = YES;
				CLANG_WARN__DUPLICATE_METHOD_MATCH = YES;
				COPY_PHASE_STRIP = NO;
				DEBUG_INFORMATION_FORMAT = dwarf;
				ENABLE_STRICT_OBJC_MSGSEND = YES;
				ENABLE_TESTABILITY = YES;
				GCC_C_LANGUAGE_STANDARD = gnu11;
				GCC_DYNAMIC_NO_PIC = NO;
				GCC_NO_COMMON_BLOCKS = YES;
				GCC_OPTIMIZATION_LEVEL = 0;
				GCC_PREPROCESSOR_DEFINITIONS = (
					"DEBUG=1",
					"$(inherited)",
				);
				GCC_WARN_64_TO_32_BIT_CONVERSION = YES;
				GCC_WARN_ABOUT_RETURN_TYPE = YES_ERROR;
				GCC_WARN_UNDECLARED_SELECTOR = YES;
				GCC_WARN_UNINITIALIZED_AUTOS = YES_AGGRESSIVE;
				GCC_WARN_UNUSED_FUNCTION = YES;
				GCC_WARN_UNUSED_VARIABLE = YES;
				IPHONEOS_DEPLOYMENT_TARGET = 15.4;
				MTL_ENABLE_DEBUG_INFO = INCLUDE_SOURCE;
				MTL_FAST_MATH = YES;
				ONLY_ACTIVE_ARCH = YES;
				SDKROOT = iphoneos;
				SWIFT_ACTIVE_COMPILATION_CONDITIONS = DEBUG;
				SWIFT_OPTIMIZATION_LEVEL = "-Onone";
			};
			name = Debug;
		};
		5563954F29676C6000E29764 /* Release */ = {
			isa = XCBuildConfiguration;
			buildSettings = {
				ALWAYS_SEARCH_USER_PATHS = NO;
				CLANG_ANALYZER_NONNULL = YES;
				CLANG_ANALYZER_NUMBER_OBJECT_CONVERSION = YES_AGGRESSIVE;
				CLANG_CXX_LANGUAGE_STANDARD = "gnu++17";
				CLANG_ENABLE_MODULES = YES;
				CLANG_ENABLE_OBJC_ARC = YES;
				CLANG_ENABLE_OBJC_WEAK = YES;
				CLANG_WARN_BLOCK_CAPTURE_AUTORELEASING = YES;
				CLANG_WARN_BOOL_CONVERSION = YES;
				CLANG_WARN_COMMA = YES;
				CLANG_WARN_CONSTANT_CONVERSION = YES;
				CLANG_WARN_DEPRECATED_OBJC_IMPLEMENTATIONS = YES;
				CLANG_WARN_DIRECT_OBJC_ISA_USAGE = YES_ERROR;
				CLANG_WARN_DOCUMENTATION_COMMENTS = YES;
				CLANG_WARN_EMPTY_BODY = YES;
				CLANG_WARN_ENUM_CONVERSION = YES;
				CLANG_WARN_INFINITE_RECURSION = YES;
				CLANG_WARN_INT_CONVERSION = YES;
				CLANG_WARN_NON_LITERAL_NULL_CONVERSION = YES;
				CLANG_WARN_OBJC_IMPLICIT_RETAIN_SELF = YES;
				CLANG_WARN_OBJC_LITERAL_CONVERSION = YES;
				CLANG_WARN_OBJC_ROOT_CLASS = YES_ERROR;
				CLANG_WARN_QUOTED_INCLUDE_IN_FRAMEWORK_HEADER = YES;
				CLANG_WARN_RANGE_LOOP_ANALYSIS = YES;
				CLANG_WARN_STRICT_PROTOTYPES = YES;
				CLANG_WARN_SUSPICIOUS_MOVE = YES;
				CLANG_WARN_UNGUARDED_AVAILABILITY = YES_AGGRESSIVE;
				CLANG_WARN_UNREACHABLE_CODE = YES;
				CLANG_WARN__DUPLICATE_METHOD_MATCH = YES;
				COPY_PHASE_STRIP = NO;
				DEBUG_INFORMATION_FORMAT = "dwarf-with-dsym";
				ENABLE_NS_ASSERTIONS = NO;
				ENABLE_STRICT_OBJC_MSGSEND = YES;
				GCC_C_LANGUAGE_STANDARD = gnu11;
				GCC_NO_COMMON_BLOCKS = YES;
				GCC_WARN_64_TO_32_BIT_CONVERSION = YES;
				GCC_WARN_ABOUT_RETURN_TYPE = YES_ERROR;
				GCC_WARN_UNDECLARED_SELECTOR = YES;
				GCC_WARN_UNINITIALIZED_AUTOS = YES_AGGRESSIVE;
				GCC_WARN_UNUSED_FUNCTION = YES;
				GCC_WARN_UNUSED_VARIABLE = YES;
				IPHONEOS_DEPLOYMENT_TARGET = 15.4;
				MTL_ENABLE_DEBUG_INFO = NO;
				MTL_FAST_MATH = YES;
				SDKROOT = iphoneos;
				SWIFT_COMPILATION_MODE = wholemodule;
				SWIFT_OPTIMIZATION_LEVEL = "-O";
				VALIDATE_PRODUCT = YES;
			};
			name = Release;
		};
		5563955129676C6000E29764 /* Debug */ = {
			isa = XCBuildConfiguration;
			baseConfigurationReference = B93EDDF362FADD38410416C6 /* Pods-Weather.debug.xcconfig */;
			buildSettings = {
				ASSETCATALOG_COMPILER_APPICON_NAME = AppIcon;
				ASSETCATALOG_COMPILER_GLOBAL_ACCENT_COLOR_NAME = AccentColor;
				CODE_SIGN_STYLE = Automatic;
				CURRENT_PROJECT_VERSION = 1;
				DEVELOPMENT_TEAM = B742N52C8N;
				GENERATE_INFOPLIST_FILE = YES;
				INFOPLIST_FILE = Support/Info.plist;
				INFOPLIST_KEY_UIApplicationSupportsIndirectInputEvents = YES;
				INFOPLIST_KEY_UILaunchStoryboardName = LaunchScreen;
				INFOPLIST_KEY_UIMainStoryboardFile = Main;
				INFOPLIST_KEY_UISupportedInterfaceOrientations_iPad = "UIInterfaceOrientationPortrait UIInterfaceOrientationPortraitUpsideDown UIInterfaceOrientationLandscapeLeft UIInterfaceOrientationLandscapeRight";
				INFOPLIST_KEY_UISupportedInterfaceOrientations_iPhone = "UIInterfaceOrientationPortrait UIInterfaceOrientationLandscapeLeft UIInterfaceOrientationLandscapeRight";
				LD_RUNPATH_SEARCH_PATHS = (
					"$(inherited)",
					"@executable_path/Frameworks",
				);
				MARKETING_VERSION = 1.0;
				PRODUCT_BUNDLE_IDENTIFIER = myProject.Weather;
				PRODUCT_NAME = "$(TARGET_NAME)";
				SWIFT_EMIT_LOC_STRINGS = YES;
				SWIFT_VERSION = 5.0;
				TARGETED_DEVICE_FAMILY = "1,2";
			};
			name = Debug;
		};
		5563955229676C6000E29764 /* Release */ = {
			isa = XCBuildConfiguration;
			baseConfigurationReference = 1D2F7EF2074EC9D2A57609F8 /* Pods-Weather.release.xcconfig */;
			buildSettings = {
				ASSETCATALOG_COMPILER_APPICON_NAME = AppIcon;
				ASSETCATALOG_COMPILER_GLOBAL_ACCENT_COLOR_NAME = AccentColor;
				CODE_SIGN_STYLE = Automatic;
				CURRENT_PROJECT_VERSION = 1;
				DEVELOPMENT_TEAM = B742N52C8N;
				GENERATE_INFOPLIST_FILE = YES;
				INFOPLIST_FILE = Support/Info.plist;
				INFOPLIST_KEY_UIApplicationSupportsIndirectInputEvents = YES;
				INFOPLIST_KEY_UILaunchStoryboardName = LaunchScreen;
				INFOPLIST_KEY_UIMainStoryboardFile = Main;
				INFOPLIST_KEY_UISupportedInterfaceOrientations_iPad = "UIInterfaceOrientationPortrait UIInterfaceOrientationPortraitUpsideDown UIInterfaceOrientationLandscapeLeft UIInterfaceOrientationLandscapeRight";
				INFOPLIST_KEY_UISupportedInterfaceOrientations_iPhone = "UIInterfaceOrientationPortrait UIInterfaceOrientationLandscapeLeft UIInterfaceOrientationLandscapeRight";
				LD_RUNPATH_SEARCH_PATHS = (
					"$(inherited)",
					"@executable_path/Frameworks",
				);
				MARKETING_VERSION = 1.0;
				PRODUCT_BUNDLE_IDENTIFIER = myProject.Weather;
				PRODUCT_NAME = "$(TARGET_NAME)";
				SWIFT_EMIT_LOC_STRINGS = YES;
				SWIFT_VERSION = 5.0;
				TARGETED_DEVICE_FAMILY = "1,2";
			};
			name = Release;
		};
/* End XCBuildConfiguration section */

/* Begin XCConfigurationList section */
		5563953729676C5C00E29764 /* Build configuration list for PBXProject "Weather" */ = {
			isa = XCConfigurationList;
			buildConfigurations = (
				5563954E29676C6000E29764 /* Debug */,
				5563954F29676C6000E29764 /* Release */,
			);
			defaultConfigurationIsVisible = 0;
			defaultConfigurationName = Release;
		};
		5563955029676C6000E29764 /* Build configuration list for PBXNativeTarget "Weather" */ = {
			isa = XCConfigurationList;
			buildConfigurations = (
				5563955129676C6000E29764 /* Debug */,
				5563955229676C6000E29764 /* Release */,
			);
			defaultConfigurationIsVisible = 0;
			defaultConfigurationName = Release;
		};
/* End XCConfigurationList section */
	};
	rootObject = 5563953429676C5C00E29764 /* Project object */;
}
